
Microsoft Visual Studio Solution File, Format Version 12.00
# Visual Studio Version 17
VisualStudioVersion = 17.12.35707.178 d17.12
MinimumVisualStudioVersion = 10.0.40219.1
Project("{FAE04EC0-301F-11D3-BF4B-00C04F79EFBC}") = "Todo.Domain", "Todo.Domain\Todo.Domain.csproj", "{722321DB-3CF3-4827-BF87-037DD21B3FCB}"
EndProject
Project("{FAE04EC0-301F-11D3-BF4B-00C04F79EFBC}") = "Todo.Infra", "Todo.Infra\Todo.Infra.csproj", "{22CCFDD2-D8A4-4779-9BE1-B5671A394545}"
EndProject
Project("{FAE04EC0-301F-11D3-BF4B-00C04F79EFBC}") = "Todo.Application", "Todo.Application\Todo.Application.csproj", "{6899E6E3-C5E2-40F6-8019-0DED0C22F8FC}"
EndProject
Project("{FAE04EC0-301F-11D3-BF4B-00C04F79EFBC}") = "Todo.IoC", "Todo.IoC\Todo.IoC.csproj", "{9667926B-7B29-499D-9870-6BD38FD3D737}"
EndProject
Project("{FAE04EC0-301F-11D3-BF4B-00C04F79EFBC}") = "Todo.UI", "Todo.UI\Todo.UI.csproj", "{620769AD-FD48-42BB-A6FB-B65A7C2F60B8}"
EndProject
Project("{2150E333-8FDC-42A3-9474-1A3956D46DE8}") = "01_UI", "01_UI", "{64773AE6-173A-4F51-946D-5444B6178DB3}"
EndProject
Project("{2150E333-8FDC-42A3-9474-1A3956D46DE8}") = "02_Application", "02_Application", "{7502B758-0BCA-4ED9-BBCA-008738EDCF07}"
EndProject
Project("{2150E333-8FDC-42A3-9474-1A3956D46DE8}") = "03_Domain", "03_Domain", "{863DE99E-4E63-4225-8B41-AC50D9B17516}"
EndProject
Project("{2150E333-8FDC-42A3-9474-1A3956D46DE8}") = "04_Infra", "04_Infra", "{EAE8620D-326A-464F-AE14-3744A40BC45E}"
EndProject
Project("{2150E333-8FDC-42A3-9474-1A3956D46DE8}") = "05_IoC", "05_IoC", "{D0DE3C29-A682-43ED-93A4-0A9AFCA5EF47}"
EndProject
Global
	GlobalSection(SolutionConfigurationPlatforms) = preSolution
		Debug|Any CPU = Debug|Any CPU
		Release|Any CPU = Release|Any CPU
	EndGlobalSection
	GlobalSection(ProjectConfigurationPlatforms) = postSolution
		{722321DB-3CF3-4827-BF87-037DD21B3FCB}.Debug|Any CPU.ActiveCfg = Debug|Any CPU
		{722321DB-3CF3-4827-BF87-037DD21B3FCB}.Debug|Any CPU.Build.0 = Debug|Any CPU
		{722321DB-3CF3-4827-BF87-037DD21B3FCB}.Release|Any CPU.ActiveCfg = Release|Any CPU
		{722321DB-3CF3-4827-BF87-037DD21B3FCB}.Release|Any CPU.Build.0 = Release|Any CPU
		{22CCFDD2-D8A4-4779-9BE1-B5671A394545}.Debug|Any CPU.ActiveCfg = Debug|Any CPU
		{22CCFDD2-D8A4-4779-9BE1-B5671A394545}.Debug|Any CPU.Build.0 = Debug|Any CPU
		{22CCFDD2-D8A4-4779-9BE1-B5671A394545}.Release|Any CPU.ActiveCfg = Release|Any CPU
		{22CCFDD2-D8A4-4779-9BE1-B5671A394545}.Release|Any CPU.Build.0 = Release|Any CPU
		{6899E6E3-C5E2-40F6-8019-0DED0C22F8FC}.Debug|Any CPU.ActiveCfg = Debug|Any CPU
		{6899E6E3-C5E2-40F6-8019-0DED0C22F8FC}.Debug|Any CPU.Build.0 = Debug|Any CPU
		{6899E6E3-C5E2-40F6-8019-0DED0C22F8FC}.Release|Any CPU.ActiveCfg = Release|Any CPU
		{6899E6E3-C5E2-40F6-8019-0DED0C22F8FC}.Release|Any CPU.Build.0 = Release|Any CPU
		{9667926B-7B29-499D-9870-6BD38FD3D737}.Debug|Any CPU.ActiveCfg = Debug|Any CPU
		{9667926B-7B29-499D-9870-6BD38FD3D737}.Debug|Any CPU.Build.0 = Debug|Any CPU
		{9667926B-7B29-499D-9870-6BD38FD3D737}.Release|Any CPU.ActiveCfg = Release|Any CPU
		{9667926B-7B29-499D-9870-6BD38FD3D737}.Release|Any CPU.Build.0 = Release|Any CPU
		{620769AD-FD48-42BB-A6FB-B65A7C2F60B8}.Debug|Any CPU.ActiveCfg = Debug|Any CPU
		{620769AD-FD48-42BB-A6FB-B65A7C2F60B8}.Debug|Any CPU.Build.0 = Debug|Any CPU
		{620769AD-FD48-42BB-A6FB-B65A7C2F60B8}.Release|Any CPU.ActiveCfg = Release|Any CPU
		{620769AD-FD48-42BB-A6FB-B65A7C2F60B8}.Release|Any CPU.Build.0 = Release|Any CPU
	EndGlobalSection
	GlobalSection(SolutionProperties) = preSolution
		HideSolutionNode = FALSE
	EndGlobalSection
	GlobalSection(NestedProjects) = preSolution
		{722321DB-3CF3-4827-BF87-037DD21B3FCB} = {863DE99E-4E63-4225-8B41-AC50D9B17516}
		{22CCFDD2-D8A4-4779-9BE1-B5671A394545} = {EAE8620D-326A-464F-AE14-3744A40BC45E}
		{6899E6E3-C5E2-40F6-8019-0DED0C22F8FC} = {7502B758-0BCA-4ED9-BBCA-008738EDCF07}
		{9667926B-7B29-499D-9870-6BD38FD3D737} = {D0DE3C29-A682-43ED-93A4-0A9AFCA5EF47}
		{620769AD-FD48-42BB-A6FB-B65A7C2F60B8} = {64773AE6-173A-4F51-946D-5444B6178DB3}
	EndGlobalSection
EndGlobal
